{
  "name": "p5",
  "lockfileVersion": 2,
  "requires": true,
  "packages": {
    "": {
      "dependencies": {
        "https-server": "^0.1.2"
      }
    },
    "node_modules/https-server": {
      "version": "0.1.2",
      "resolved": "https://registry.npmjs.org/https-server/-/https-server-0.1.2.tgz",
      "integrity": "sha1-otlmVOcoum4NWnnQ8GXigPinjnQ="
    }
  },
  "dependencies": {
    "https-server": {
      "version": "0.1.2",
      "resolved": "https://registry.npmjs.org/https-server/-/https-server-0.1.2.tgz",
      "integrity": "sha1-otlmVOcoum4NWnnQ8GXigPinjnQ="
    }
  }
}
